// !$*UTF8*$!
{
	archiveVersion = 1;
	classes = {
	};
	objectVersion = 50;
	objects = {

/* Begin PBXBuildFile section */
		8EABC896BC6D0FFCBFE8F06D /* Pods_FICcourseTests.framework in Frameworks */ = {isa = PBXBuildFile; fileRef = 24129AED0838939DFB61E1ED /* Pods_FICcourseTests.framework */; };
		AE3FE81DAE3F9CE092F0DF5A /* Pods_FICcourse_FICcourseUITests.framework in Frameworks */ = {isa = PBXBuildFile; fileRef = B76DCB4FAC438561790F87FC /* Pods_FICcourse_FICcourseUITests.framework */; };
		DE29AFF026D2D8F7003955B9 /* AppDelegate.swift in Sources */ = {isa = PBXBuildFile; fileRef = DE29AFEF26D2D8F7003955B9 /* AppDelegate.swift */; };
		DE29AFF226D2D8F7003955B9 /* SceneDelegate.swift in Sources */ = {isa = PBXBuildFile; fileRef = DE29AFF126D2D8F7003955B9 /* SceneDelegate.swift */; };
		DE29AFF426D2D8F7003955B9 /* ViewController.swift in Sources */ = {isa = PBXBuildFile; fileRef = DE29AFF326D2D8F7003955B9 /* ViewController.swift */; };
		DE29AFF726D2D8F7003955B9 /* Main.storyboard in Resources */ = {isa = PBXBuildFile; fileRef = DE29AFF526D2D8F7003955B9 /* Main.storyboard */; };
		DE29AFF926D2D8FB003955B9 /* Assets.xcassets in Resources */ = {isa = PBXBuildFile; fileRef = DE29AFF826D2D8FB003955B9 /* Assets.xcassets */; };
		DE29AFFC26D2D8FB003955B9 /* LaunchScreen.storyboard in Resources */ = {isa = PBXBuildFile; fileRef = DE29AFFA26D2D8FB003955B9 /* LaunchScreen.storyboard */; };
		DE29B00726D2D8FC003955B9 /* FICcourseTests.swift in Sources */ = {isa = PBXBuildFile; fileRef = DE29B00626D2D8FC003955B9 /* FICcourseTests.swift */; };
		DE29B01226D2D8FC003955B9 /* FICcourseUITests.swift in Sources */ = {isa = PBXBuildFile; fileRef = DE29B01126D2D8FC003955B9 /* FICcourseUITests.swift */; };
		DE29B02226D2DBB3003955B9 /* HomeViewController.swift in Sources */ = {isa = PBXBuildFile; fileRef = DE29B02126D2DBB3003955B9 /* HomeViewController.swift */; };
		DE29B02426D2DBDA003955B9 /* HomeCoordinator.swift in Sources */ = {isa = PBXBuildFile; fileRef = DE29B02326D2DBDA003955B9 /* HomeCoordinator.swift */; };
		DE29B02626D2DBE8003955B9 /* HomeViewModel.swift in Sources */ = {isa = PBXBuildFile; fileRef = DE29B02526D2DBE8003955B9 /* HomeViewModel.swift */; };
		DE29B02A26D2DC91003955B9 /* Coordinator.swift in Sources */ = {isa = PBXBuildFile; fileRef = DE29B02926D2DC91003955B9 /* Coordinator.swift */; };
		DE29B02C26D2DD0E003955B9 /* ApplicationCoordinator.swift in Sources */ = {isa = PBXBuildFile; fileRef = DE29B02B26D2DD0E003955B9 /* ApplicationCoordinator.swift */; };
		DE29B02E26D2E35B003955B9 /* HomeView.swift in Sources */ = {isa = PBXBuildFile; fileRef = DE29B02D26D2E35B003955B9 /* HomeView.swift */; };
		DE29B03226D30765003955B9 /* HomeCollectionViewCell.swift in Sources */ = {isa = PBXBuildFile; fileRef = DE29B03026D30765003955B9 /* HomeCollectionViewCell.swift */; };
		DE29B03326D30765003955B9 /* HomeCollectionViewCell.xib in Resources */ = {isa = PBXBuildFile; fileRef = DE29B03126D30765003955B9 /* HomeCollectionViewCell.xib */; };
		F98149A94959788D60E56268 /* Pods_FICcourse.framework in Frameworks */ = {isa = PBXBuildFile; fileRef = 9B20B9884537426D654B29E3 /* Pods_FICcourse.framework */; };
/* End PBXBuildFile section */

/* Begin PBXContainerItemProxy section */
		DE29B00326D2D8FC003955B9 /* PBXContainerItemProxy */ = {
			isa = PBXContainerItemProxy;
			containerPortal = DE29AFE426D2D8F7003955B9 /* Project object */;
			proxyType = 1;
			remoteGlobalIDString = DE29AFEB26D2D8F7003955B9;
			remoteInfo = FICcourse;
		};
		DE29B00E26D2D8FC003955B9 /* PBXContainerItemProxy */ = {
			isa = PBXContainerItemProxy;
			containerPortal = DE29AFE426D2D8F7003955B9 /* Project object */;
			proxyType = 1;
			remoteGlobalIDString = DE29AFEB26D2D8F7003955B9;
			remoteInfo = FICcourse;
		};
/* End PBXContainerItemProxy section */

/* Begin PBXFileReference section */
		136C749C90ED46FD3539D8FC /* Pods-FICcourse.debug.xcconfig */ = {isa = PBXFileReference; includeInIndex = 1; lastKnownFileType = text.xcconfig; name = "Pods-FICcourse.debug.xcconfig"; path = "Target Support Files/Pods-FICcourse/Pods-FICcourse.debug.xcconfig"; sourceTree = "<group>"; };
		24129AED0838939DFB61E1ED /* Pods_FICcourseTests.framework */ = {isa = PBXFileReference; explicitFileType = wrapper.framework; includeInIndex = 0; path = Pods_FICcourseTests.framework; sourceTree = BUILT_PRODUCTS_DIR; };
		2B06CB5B8243D48A4ED67F9E /* Pods-FICcourseTests.release.xcconfig */ = {isa = PBXFileReference; includeInIndex = 1; lastKnownFileType = text.xcconfig; name = "Pods-FICcourseTests.release.xcconfig"; path = "Target Support Files/Pods-FICcourseTests/Pods-FICcourseTests.release.xcconfig"; sourceTree = "<group>"; };
		7612CCAD6FF4F0387F722CB1 /* Pods-FICcourse-FICcourseUITests.release.xcconfig */ = {isa = PBXFileReference; includeInIndex = 1; lastKnownFileType = text.xcconfig; name = "Pods-FICcourse-FICcourseUITests.release.xcconfig"; path = "Target Support Files/Pods-FICcourse-FICcourseUITests/Pods-FICcourse-FICcourseUITests.release.xcconfig"; sourceTree = "<group>"; };
		9B20B9884537426D654B29E3 /* Pods_FICcourse.framework */ = {isa = PBXFileReference; explicitFileType = wrapper.framework; includeInIndex = 0; path = Pods_FICcourse.framework; sourceTree = BUILT_PRODUCTS_DIR; };
		A3C26572A0AF0A0BF23F39C9 /* Pods-FICcourse.release.xcconfig */ = {isa = PBXFileReference; includeInIndex = 1; lastKnownFileType = text.xcconfig; name = "Pods-FICcourse.release.xcconfig"; path = "Target Support Files/Pods-FICcourse/Pods-FICcourse.release.xcconfig"; sourceTree = "<group>"; };
		B76DCB4FAC438561790F87FC /* Pods_FICcourse_FICcourseUITests.framework */ = {isa = PBXFileReference; explicitFileType = wrapper.framework; includeInIndex = 0; path = Pods_FICcourse_FICcourseUITests.framework; sourceTree = BUILT_PRODUCTS_DIR; };
		CF4A3DD31F428D59A02C359D /* Pods-FICcourseTests.debug.xcconfig */ = {isa = PBXFileReference; includeInIndex = 1; lastKnownFileType = text.xcconfig; name = "Pods-FICcourseTests.debug.xcconfig"; path = "Target Support Files/Pods-FICcourseTests/Pods-FICcourseTests.debug.xcconfig"; sourceTree = "<group>"; };
		DB33203C33C22618348FD405 /* Pods-FICcourse-FICcourseUITests.debug.xcconfig */ = {isa = PBXFileReference; includeInIndex = 1; lastKnownFileType = text.xcconfig; name = "Pods-FICcourse-FICcourseUITests.debug.xcconfig"; path = "Target Support Files/Pods-FICcourse-FICcourseUITests/Pods-FICcourse-FICcourseUITests.debug.xcconfig"; sourceTree = "<group>"; };
		DE29AFEC26D2D8F7003955B9 /* FICcourse.app */ = {isa = PBXFileReference; explicitFileType = wrapper.application; includeInIndex = 0; path = FICcourse.app; sourceTree = BUILT_PRODUCTS_DIR; };
		DE29AFEF26D2D8F7003955B9 /* AppDelegate.swift */ = {isa = PBXFileReference; lastKnownFileType = sourcecode.swift; path = AppDelegate.swift; sourceTree = "<group>"; };
		DE29AFF126D2D8F7003955B9 /* SceneDelegate.swift */ = {isa = PBXFileReference; lastKnownFileType = sourcecode.swift; path = SceneDelegate.swift; sourceTree = "<group>"; };
		DE29AFF326D2D8F7003955B9 /* ViewController.swift */ = {isa = PBXFileReference; lastKnownFileType = sourcecode.swift; path = ViewController.swift; sourceTree = "<group>"; };
		DE29AFF626D2D8F7003955B9 /* Base */ = {isa = PBXFileReference; lastKnownFileType = file.storyboard; name = Base; path = Base.lproj/Main.storyboard; sourceTree = "<group>"; };
		DE29AFF826D2D8FB003955B9 /* Assets.xcassets */ = {isa = PBXFileReference; lastKnownFileType = folder.assetcatalog; path = Assets.xcassets; sourceTree = "<group>"; };
		DE29AFFB26D2D8FB003955B9 /* Base */ = {isa = PBXFileReference; lastKnownFileType = file.storyboard; name = Base; path = Base.lproj/LaunchScreen.storyboard; sourceTree = "<group>"; };
		DE29AFFD26D2D8FB003955B9 /* Info.plist */ = {isa = PBXFileReference; lastKnownFileType = text.plist.xml; path = Info.plist; sourceTree = "<group>"; };
		DE29B00226D2D8FC003955B9 /* FICcourseTests.xctest */ = {isa = PBXFileReference; explicitFileType = wrapper.cfbundle; includeInIndex = 0; path = FICcourseTests.xctest; sourceTree = BUILT_PRODUCTS_DIR; };
		DE29B00626D2D8FC003955B9 /* FICcourseTests.swift */ = {isa = PBXFileReference; lastKnownFileType = sourcecode.swift; path = FICcourseTests.swift; sourceTree = "<group>"; };
		DE29B00826D2D8FC003955B9 /* Info.plist */ = {isa = PBXFileReference; lastKnownFileType = text.plist.xml; path = Info.plist; sourceTree = "<group>"; };
		DE29B00D26D2D8FC003955B9 /* FICcourseUITests.xctest */ = {isa = PBXFileReference; explicitFileType = wrapper.cfbundle; includeInIndex = 0; path = FICcourseUITests.xctest; sourceTree = BUILT_PRODUCTS_DIR; };
		DE29B01126D2D8FC003955B9 /* FICcourseUITests.swift */ = {isa = PBXFileReference; lastKnownFileType = sourcecode.swift; path = FICcourseUITests.swift; sourceTree = "<group>"; };
		DE29B01326D2D8FC003955B9 /* Info.plist */ = {isa = PBXFileReference; lastKnownFileType = text.plist.xml; path = Info.plist; sourceTree = "<group>"; };
		DE29B02126D2DBB3003955B9 /* HomeViewController.swift */ = {isa = PBXFileReference; lastKnownFileType = sourcecode.swift; path = HomeViewController.swift; sourceTree = "<group>"; };
		DE29B02326D2DBDA003955B9 /* HomeCoordinator.swift */ = {isa = PBXFileReference; lastKnownFileType = sourcecode.swift; path = HomeCoordinator.swift; sourceTree = "<group>"; };
		DE29B02526D2DBE8003955B9 /* HomeViewModel.swift */ = {isa = PBXFileReference; lastKnownFileType = sourcecode.swift; path = HomeViewModel.swift; sourceTree = "<group>"; };
		DE29B02926D2DC91003955B9 /* Coordinator.swift */ = {isa = PBXFileReference; lastKnownFileType = sourcecode.swift; path = Coordinator.swift; sourceTree = "<group>"; };
		DE29B02B26D2DD0E003955B9 /* ApplicationCoordinator.swift */ = {isa = PBXFileReference; lastKnownFileType = sourcecode.swift; path = ApplicationCoordinator.swift; sourceTree = "<group>"; };
		DE29B02D26D2E35B003955B9 /* HomeView.swift */ = {isa = PBXFileReference; lastKnownFileType = sourcecode.swift; path = HomeView.swift; sourceTree = "<group>"; };
		DE29B03026D30765003955B9 /* HomeCollectionViewCell.swift */ = {isa = PBXFileReference; lastKnownFileType = sourcecode.swift; path = HomeCollectionViewCell.swift; sourceTree = "<group>"; };
		DE29B03126D30765003955B9 /* HomeCollectionViewCell.xib */ = {isa = PBXFileReference; lastKnownFileType = file.xib; path = HomeCollectionViewCell.xib; sourceTree = "<group>"; };
/* End PBXFileReference section */

/* Begin PBXFrameworksBuildPhase section */
		DE29AFE926D2D8F7003955B9 /* Frameworks */ = {
			isa = PBXFrameworksBuildPhase;
			buildActionMask = 2147483647;
			files = (
				F98149A94959788D60E56268 /* Pods_FICcourse.framework in Frameworks */,
			);
			runOnlyForDeploymentPostprocessing = 0;
		};
		DE29AFFF26D2D8FC003955B9 /* Frameworks */ = {
			isa = PBXFrameworksBuildPhase;
			buildActionMask = 2147483647;
			files = (
				8EABC896BC6D0FFCBFE8F06D /* Pods_FICcourseTests.framework in Frameworks */,
			);
			runOnlyForDeploymentPostprocessing = 0;
		};
		DE29B00A26D2D8FC003955B9 /* Frameworks */ = {
			isa = PBXFrameworksBuildPhase;
			buildActionMask = 2147483647;
			files = (
				AE3FE81DAE3F9CE092F0DF5A /* Pods_FICcourse_FICcourseUITests.framework in Frameworks */,
			);
			runOnlyForDeploymentPostprocessing = 0;
		};
/* End PBXFrameworksBuildPhase section */

/* Begin PBXGroup section */
		3778F7EEA0BA0F65E7F26D01 /* Pods */ = {
			isa = PBXGroup;
			children = (
				136C749C90ED46FD3539D8FC /* Pods-FICcourse.debug.xcconfig */,
				A3C26572A0AF0A0BF23F39C9 /* Pods-FICcourse.release.xcconfig */,
				DB33203C33C22618348FD405 /* Pods-FICcourse-FICcourseUITests.debug.xcconfig */,
				7612CCAD6FF4F0387F722CB1 /* Pods-FICcourse-FICcourseUITests.release.xcconfig */,
				CF4A3DD31F428D59A02C359D /* Pods-FICcourseTests.debug.xcconfig */,
				2B06CB5B8243D48A4ED67F9E /* Pods-FICcourseTests.release.xcconfig */,
			);
			path = Pods;
			sourceTree = "<group>";
		};
		D5FD60A469D733F5E2BB481F /* Frameworks */ = {
			isa = PBXGroup;
			children = (
				9B20B9884537426D654B29E3 /* Pods_FICcourse.framework */,
				B76DCB4FAC438561790F87FC /* Pods_FICcourse_FICcourseUITests.framework */,
				24129AED0838939DFB61E1ED /* Pods_FICcourseTests.framework */,
			);
			name = Frameworks;
			sourceTree = "<group>";
		};
		DE29AFE326D2D8F7003955B9 = {
			isa = PBXGroup;
			children = (
				DE29AFEE26D2D8F7003955B9 /* FICcourse */,
				DE29B00526D2D8FC003955B9 /* FICcourseTests */,
				DE29B01026D2D8FC003955B9 /* FICcourseUITests */,
				DE29AFED26D2D8F7003955B9 /* Products */,
				3778F7EEA0BA0F65E7F26D01 /* Pods */,
				D5FD60A469D733F5E2BB481F /* Frameworks */,
			);
			sourceTree = "<group>";
		};
		DE29AFED26D2D8F7003955B9 /* Products */ = {
			isa = PBXGroup;
			children = (
				DE29AFEC26D2D8F7003955B9 /* FICcourse.app */,
				DE29B00226D2D8FC003955B9 /* FICcourseTests.xctest */,
				DE29B00D26D2D8FC003955B9 /* FICcourseUITests.xctest */,
			);
			name = Products;
			sourceTree = "<group>";
		};
		DE29AFEE26D2D8F7003955B9 /* FICcourse */ = {
			isa = PBXGroup;
			children = (
				DE29B02826D2DC76003955B9 /* Protocols */,
				DE29B01F26D2DAFE003955B9 /* Scenes */,
				DE29AFEF26D2D8F7003955B9 /* AppDelegate.swift */,
				DE29AFF126D2D8F7003955B9 /* SceneDelegate.swift */,
				DE29AFF326D2D8F7003955B9 /* ViewController.swift */,
				DE29AFF526D2D8F7003955B9 /* Main.storyboard */,
				DE29AFF826D2D8FB003955B9 /* Assets.xcassets */,
				DE29AFFA26D2D8FB003955B9 /* LaunchScreen.storyboard */,
				DE29AFFD26D2D8FB003955B9 /* Info.plist */,
			);
			path = FICcourse;
			sourceTree = "<group>";
		};
		DE29B00526D2D8FC003955B9 /* FICcourseTests */ = {
			isa = PBXGroup;
			children = (
				DE29B00626D2D8FC003955B9 /* FICcourseTests.swift */,
				DE29B00826D2D8FC003955B9 /* Info.plist */,
			);
			path = FICcourseTests;
			sourceTree = "<group>";
		};
		DE29B01026D2D8FC003955B9 /* FICcourseUITests */ = {
			isa = PBXGroup;
			children = (
				DE29B01126D2D8FC003955B9 /* FICcourseUITests.swift */,
				DE29B01326D2D8FC003955B9 /* Info.plist */,
			);
			path = FICcourseUITests;
			sourceTree = "<group>";
		};
		DE29B01F26D2DAFE003955B9 /* Scenes */ = {
			isa = PBXGroup;
			children = (
				DE29B02026D2DB14003955B9 /* Home */,
				DE29B02B26D2DD0E003955B9 /* ApplicationCoordinator.swift */,
			);
			path = Scenes;
			sourceTree = "<group>";
		};
		DE29B02026D2DB14003955B9 /* Home */ = {
			isa = PBXGroup;
			children = (
				DE57D5F626D57E050048B7CB /* ViewController */,
				DE29B02726D2DBF2003955B9 /* Views */,
				DE29B02326D2DBDA003955B9 /* HomeCoordinator.swift */,
				DE29B02526D2DBE8003955B9 /* HomeViewModel.swift */,
			);
			path = Home;
			sourceTree = "<group>";
		};
		DE29B02726D2DBF2003955B9 /* Views */ = {
			isa = PBXGroup;
			children = (
				DE29B02D26D2E35B003955B9 /* HomeView.swift */,
				DE29B03126D30765003955B9 /* HomeCollectionViewCell.xib */,
			);
			path = Views;
			sourceTree = "<group>";
		};
		DE29B02826D2DC76003955B9 /* Protocols */ = {
			isa = PBXGroup;
			children = (
				DE29B02926D2DC91003955B9 /* Coordinator.swift */,
			);
			path = Protocols;
			sourceTree = "<group>";
		};
		DE57D5F626D57E050048B7CB /* ViewController */ = {
			isa = PBXGroup;
			children = (
				DE29B02126D2DBB3003955B9 /* HomeViewController.swift */,
				DE29B03026D30765003955B9 /* HomeCollectionViewCell.swift */,
			);
			path = ViewController;
			sourceTree = "<group>";
		};
/* End PBXGroup section */

/* Begin PBXNativeTarget section */
		DE29AFEB26D2D8F7003955B9 /* FICcourse */ = {
			isa = PBXNativeTarget;
			buildConfigurationList = DE29B01626D2D8FC003955B9 /* Build configuration list for PBXNativeTarget "FICcourse" */;
			buildPhases = (
				3982F868574DC1D4CEE11B6F /* [CP] Check Pods Manifest.lock */,
				DE29AFE826D2D8F7003955B9 /* Sources */,
				DE29AFE926D2D8F7003955B9 /* Frameworks */,
				DE29AFEA26D2D8F7003955B9 /* Resources */,
				6FB32528540917910A91DDB1 /* [CP] Embed Pods Frameworks */,
			);
			buildRules = (
			);
			dependencies = (
			);
			name = FICcourse;
			productName = FICcourse;
			productReference = DE29AFEC26D2D8F7003955B9 /* FICcourse.app */;
			productType = "com.apple.product-type.application";
		};
		DE29B00126D2D8FC003955B9 /* FICcourseTests */ = {
			isa = PBXNativeTarget;
			buildConfigurationList = DE29B01926D2D8FC003955B9 /* Build configuration list for PBXNativeTarget "FICcourseTests" */;
			buildPhases = (
				78BAE4B256D03E8A6C435187 /* [CP] Check Pods Manifest.lock */,
				DE29AFFE26D2D8FC003955B9 /* Sources */,
				DE29AFFF26D2D8FC003955B9 /* Frameworks */,
				DE29B00026D2D8FC003955B9 /* Resources */,
			);
			buildRules = (
			);
			dependencies = (
				DE29B00426D2D8FC003955B9 /* PBXTargetDependency */,
			);
			name = FICcourseTests;
			productName = FICcourseTests;
			productReference = DE29B00226D2D8FC003955B9 /* FICcourseTests.xctest */;
			productType = "com.apple.product-type.bundle.unit-test";
		};
		DE29B00C26D2D8FC003955B9 /* FICcourseUITests */ = {
			isa = PBXNativeTarget;
			buildConfigurationList = DE29B01C26D2D8FC003955B9 /* Build configuration list for PBXNativeTarget "FICcourseUITests" */;
			buildPhases = (
				2EBFE84D4EB40EBA696FC9F0 /* [CP] Check Pods Manifest.lock */,
				DE29B00926D2D8FC003955B9 /* Sources */,
				DE29B00A26D2D8FC003955B9 /* Frameworks */,
				DE29B00B26D2D8FC003955B9 /* Resources */,
				B399993953FA6CF53D8B374A /* [CP] Embed Pods Frameworks */,
			);
			buildRules = (
			);
			dependencies = (
				DE29B00F26D2D8FC003955B9 /* PBXTargetDependency */,
			);
			name = FICcourseUITests;
			productName = FICcourseUITests;
			productReference = DE29B00D26D2D8FC003955B9 /* FICcourseUITests.xctest */;
			productType = "com.apple.product-type.bundle.ui-testing";
		};
/* End PBXNativeTarget section */

/* Begin PBXProject section */
		DE29AFE426D2D8F7003955B9 /* Project object */ = {
			isa = PBXProject;
			attributes = {
				LastSwiftUpdateCheck = 1250;
				LastUpgradeCheck = 1250;
				TargetAttributes = {
					DE29AFEB26D2D8F7003955B9 = {
						CreatedOnToolsVersion = 12.5.1;
					};
					DE29B00126D2D8FC003955B9 = {
						CreatedOnToolsVersion = 12.5.1;
						TestTargetID = DE29AFEB26D2D8F7003955B9;
					};
					DE29B00C26D2D8FC003955B9 = {
						CreatedOnToolsVersion = 12.5.1;
						TestTargetID = DE29AFEB26D2D8F7003955B9;
					};
				};
			};
			buildConfigurationList = DE29AFE726D2D8F7003955B9 /* Build configuration list for PBXProject "FICcourse" */;
			compatibilityVersion = "Xcode 9.3";
			developmentRegion = en;
			hasScannedForEncodings = 0;
			knownRegions = (
				en,
				Base,
			);
			mainGroup = DE29AFE326D2D8F7003955B9;
			productRefGroup = DE29AFED26D2D8F7003955B9 /* Products */;
			projectDirPath = "";
			projectRoot = "";
			targets = (
				DE29AFEB26D2D8F7003955B9 /* FICcourse */,
				DE29B00126D2D8FC003955B9 /* FICcourseTests */,
				DE29B00C26D2D8FC003955B9 /* FICcourseUITests */,
			);
		};
/* End PBXProject section */

/* Begin PBXResourcesBuildPhase section */
		DE29AFEA26D2D8F7003955B9 /* Resources */ = {
			isa = PBXResourcesBuildPhase;
			buildActionMask = 2147483647;
			files = (
				DE29AFFC26D2D8FB003955B9 /* LaunchScreen.storyboard in Resources */,
				DE29AFF926D2D8FB003955B9 /* Assets.xcassets in Resources */,
				DE29AFF726D2D8F7003955B9 /* Main.storyboard in Resources */,
				DE29B03326D30765003955B9 /* HomeCollectionViewCell.xib in Resources */,
			);
			runOnlyForDeploymentPostprocessing = 0;
		};
		DE29B00026D2D8FC003955B9 /* Resources */ = {
			isa = PBXResourcesBuildPhase;
			buildActionMask = 2147483647;
			files = (
			);
			runOnlyForDeploymentPostprocessing = 0;
		};
		DE29B00B26D2D8FC003955B9 /* Resources */ = {
			isa = PBXResourcesBuildPhase;
			buildActionMask = 2147483647;
			files = (
			);
			runOnlyForDeploymentPostprocessing = 0;
		};
/* End PBXResourcesBuildPhase section */

/* Begin PBXShellScriptBuildPhase section */
		2EBFE84D4EB40EBA696FC9F0 /* [CP] Check Pods Manifest.lock */ = {
			isa = PBXShellScriptBuildPhase;
			buildActionMask = 2147483647;
			files = (
			);
			inputFileListPaths = (
			);
			inputPaths = (
				"${PODS_PODFILE_DIR_PATH}/Podfile.lock",
				"${PODS_ROOT}/Manifest.lock",
			);
			name = "[CP] Check Pods Manifest.lock";
			outputFileListPaths = (
			);
			outputPaths = (
				"$(DERIVED_FILE_DIR)/Pods-FICcourse-FICcourseUITests-checkManifestLockResult.txt",
			);
			runOnlyForDeploymentPostprocessing = 0;
			shellPath = /bin/sh;
			shellScript = "diff \"${PODS_PODFILE_DIR_PATH}/Podfile.lock\" \"${PODS_ROOT}/Manifest.lock\" > /dev/null\nif [ $? != 0 ] ; then\n    # print error to STDERR\n    echo \"error: The sandbox is not in sync with the Podfile.lock. Run 'pod install' or update your CocoaPods installation.\" >&2\n    exit 1\nfi\n# This output is used by Xcode 'outputs' to avoid re-running this script phase.\necho \"SUCCESS\" > \"${SCRIPT_OUTPUT_FILE_0}\"\n";
			showEnvVarsInLog = 0;
		};
		3982F868574DC1D4CEE11B6F /* [CP] Check Pods Manifest.lock */ = {
			isa = PBXShellScriptBuildPhase;
			buildActionMask = 2147483647;
			files = (
			);
			inputFileListPaths = (
			);
			inputPaths = (
				"${PODS_PODFILE_DIR_PATH}/Podfile.lock",
				"${PODS_ROOT}/Manifest.lock",
			);
			name = "[CP] Check Pods Manifest.lock";
			outputFileListPaths = (
			);
			outputPaths = (
				"$(DERIVED_FILE_DIR)/Pods-FICcourse-checkManifestLockResult.txt",
			);
			runOnlyForDeploymentPostprocessing = 0;
			shellPath = /bin/sh;
			shellScript = "diff \"${PODS_PODFILE_DIR_PATH}/Podfile.lock\" \"${PODS_ROOT}/Manifest.lock\" > /dev/null\nif [ $? != 0 ] ; then\n    # print error to STDERR\n    echo \"error: The sandbox is not in sync with the Podfile.lock. Run 'pod install' or update your CocoaPods installation.\" >&2\n    exit 1\nfi\n# This output is used by Xcode 'outputs' to avoid re-running this script phase.\necho \"SUCCESS\" > \"${SCRIPT_OUTPUT_FILE_0}\"\n";
			showEnvVarsInLog = 0;
		};
		6FB32528540917910A91DDB1 /* [CP] Embed Pods Frameworks */ = {
			isa = PBXShellScriptBuildPhase;
			buildActionMask = 2147483647;
			files = (
			);
			inputFileListPaths = (
				"${PODS_ROOT}/Target Support Files/Pods-FICcourse/Pods-FICcourse-frameworks-${CONFIGURATION}-input-files.xcfilelist",
			);
			name = "[CP] Embed Pods Frameworks";
			outputFileListPaths = (
				"${PODS_ROOT}/Target Support Files/Pods-FICcourse/Pods-FICcourse-frameworks-${CONFIGURATION}-output-files.xcfilelist",
			);
			runOnlyForDeploymentPostprocessing = 0;
			shellPath = /bin/sh;
			shellScript = "\"${PODS_ROOT}/Target Support Files/Pods-FICcourse/Pods-FICcourse-frameworks.sh\"\n";
			showEnvVarsInLog = 0;
		};
		78BAE4B256D03E8A6C435187 /* [CP] Check Pods Manifest.lock */ = {
			isa = PBXShellScriptBuildPhase;
			buildActionMask = 2147483647;
			files = (
			);
			inputFileListPaths = (
			);
			inputPaths = (
				"${PODS_PODFILE_DIR_PATH}/Podfile.lock",
				"${PODS_ROOT}/Manifest.lock",
			);
			name = "[CP] Check Pods Manifest.lock";
			outputFileListPaths = (
			);
			outputPaths = (
				"$(DERIVED_FILE_DIR)/Pods-FICcourseTests-checkManifestLockResult.txt",
			);
			runOnlyForDeploymentPostprocessing = 0;
			shellPath = /bin/sh;
			shellScript = "diff \"${PODS_PODFILE_DIR_PATH}/Podfile.lock\" \"${PODS_ROOT}/Manifest.lock\" > /dev/null\nif [ $? != 0 ] ; then\n    # print error to STDERR\n    echo \"error: The sandbox is not in sync with the Podfile.lock. Run 'pod install' or update your CocoaPods installation.\" >&2\n    exit 1\nfi\n# This output is used by Xcode 'outputs' to avoid re-running this script phase.\necho \"SUCCESS\" > \"${SCRIPT_OUTPUT_FILE_0}\"\n";
			showEnvVarsInLog = 0;
		};
		B399993953FA6CF53D8B374A /* [CP] Embed Pods Frameworks */ = {
			isa = PBXShellScriptBuildPhase;
			buildActionMask = 2147483647;
			files = (
			);
			inputFileListPaths = (
				"${PODS_ROOT}/Target Support Files/Pods-FICcourse-FICcourseUITests/Pods-FICcourse-FICcourseUITests-frameworks-${CONFIGURATION}-input-files.xcfilelist",
			);
			name = "[CP] Embed Pods Frameworks";
			outputFileListPaths = (
				"${PODS_ROOT}/Target Support Files/Pods-FICcourse-FICcourseUITests/Pods-FICcourse-FICcourseUITests-frameworks-${CONFIGURATION}-output-files.xcfilelist",
			);
			runOnlyForDeploymentPostprocessing = 0;
			shellPath = /bin/sh;
			shellScript = "\"${PODS_ROOT}/Target Support Files/Pods-FICcourse-FICcourseUITests/Pods-FICcourse-FICcourseUITests-frameworks.sh\"\n";
			showEnvVarsInLog = 0;
		};
/* End PBXShellScriptBuildPhase section */

/* Begin PBXSourcesBuildPhase section */
		DE29AFE826D2D8F7003955B9 /* Sources */ = {
			isa = PBXSourcesBuildPhase;
			buildActionMask = 2147483647;
			files = (
				DE29B02E26D2E35B003955B9 /* HomeView.swift in Sources */,
				DE29AFF426D2D8F7003955B9 /* ViewController.swift in Sources */,
				DE29B02626D2DBE8003955B9 /* HomeViewModel.swift in Sources */,
				DE29AFF026D2D8F7003955B9 /* AppDelegate.swift in Sources */,
				DE29B02426D2DBDA003955B9 /* HomeCoordinator.swift in Sources */,
				DE29B03226D30765003955B9 /* HomeCollectionViewCell.swift in Sources */,
				DE29AFF226D2D8F7003955B9 /* SceneDelegate.swift in Sources */,
				DE29B02226D2DBB3003955B9 /* HomeViewController.swift in Sources */,
				DE29B02A26D2DC91003955B9 /* Coordinator.swift in Sources */,
				DE29B02C26D2DD0E003955B9 /* ApplicationCoordinator.swift in Sources */,
			);
			runOnlyForDeploymentPostprocessing = 0;
		};
		DE29AFFE26D2D8FC003955B9 /* Sources */ = {
			isa = PBXSourcesBuildPhase;
			buildActionMask = 2147483647;
			files = (
				DE29B00726D2D8FC003955B9 /* FICcourseTests.swift in Sources */,
			);
			runOnlyForDeploymentPostprocessing = 0;
		};
		DE29B00926D2D8FC003955B9 /* Sources */ = {
			isa = PBXSourcesBuildPhase;
			buildActionMask = 2147483647;
			files = (
				DE29B01226D2D8FC003955B9 /* FICcourseUITests.swift in Sources */,
			);
			runOnlyForDeploymentPostprocessing = 0;
		};
/* End PBXSourcesBuildPhase section */

/* Begin PBXTargetDependency section */
		DE29B00426D2D8FC003955B9 /* PBXTargetDependency */ = {
			isa = PBXTargetDependency;
			target = DE29AFEB26D2D8F7003955B9 /* FICcourse */;
			targetProxy = DE29B00326D2D8FC003955B9 /* PBXContainerItemProxy */;
		};
		DE29B00F26D2D8FC003955B9 /* PBXTargetDependency */ = {
			isa = PBXTargetDependency;
			target = DE29AFEB26D2D8F7003955B9 /* FICcourse */;
			targetProxy = DE29B00E26D2D8FC003955B9 /* PBXContainerItemProxy */;
		};
/* End PBXTargetDependency section */

/* Begin PBXVariantGroup section */
		DE29AFF526D2D8F7003955B9 /* Main.storyboard */ = {
			isa = PBXVariantGroup;
			children = (
				DE29AFF626D2D8F7003955B9 /* Base */,
			);
			name = Main.storyboard;
			sourceTree = "<group>";
		};
		DE29AFFA26D2D8FB003955B9 /* LaunchScreen.storyboard */ = {
			isa = PBXVariantGroup;
			children = (
				DE29AFFB26D2D8FB003955B9 /* Base */,
			);
			name = LaunchScreen.storyboard;
			sourceTree = "<group>";
		};
/* End PBXVariantGroup section */

/* Begin XCBuildConfiguration section */
		DE29B01426D2D8FC003955B9 /* Debug */ = {
			isa = XCBuildConfiguration;
			buildSettings = {
				ALWAYS_SEARCH_USER_PATHS = NO;
				CLANG_ANALYZER_NONNULL = YES;
				CLANG_ANALYZER_NUMBER_OBJECT_CONVERSION = YES_AGGRESSIVE;
				CLANG_CXX_LANGUAGE_STANDARD = "gnu++14";
				CLANG_CXX_LIBRARY = "libc++";
				CLANG_ENABLE_MODULES = YES;
				CLANG_ENABLE_OBJC_ARC = YES;
				CLANG_ENABLE_OBJC_WEAK = YES;
				CLANG_WARN_BLOCK_CAPTURE_AUTORELEASING = YES;
				CLANG_WARN_BOOL_CONVERSION = YES;
				CLANG_WARN_COMMA = YES;
				CLANG_WARN_CONSTANT_CONVERSION = YES;
				CLANG_WARN_DEPRECATED_OBJC_IMPLEMENTATIONS = YES;
				CLANG_WARN_DIRECT_OBJC_ISA_USAGE = YES_ERROR;
				CLANG_WARN_DOCUMENTATION_COMMENTS = YES;
				CLANG_WARN_EMPTY_BODY = YES;
				CLANG_WARN_ENUM_CONVERSION = YES;
				CLANG_WARN_INFINITE_RECURSION = YES;
				CLANG_WARN_INT_CONVERSION = YES;
				CLANG_WARN_NON_LITERAL_NULL_CONVERSION = YES;
				CLANG_WARN_OBJC_IMPLICIT_RETAIN_SELF = YES;
				CLANG_WARN_OBJC_LITERAL_CONVERSION = YES;
				CLANG_WARN_OBJC_ROOT_CLASS = YES_ERROR;
				CLANG_WARN_QUOTED_INCLUDE_IN_FRAMEWORK_HEADER = YES;
				CLANG_WARN_RANGE_LOOP_ANALYSIS = YES;
				CLANG_WARN_STRICT_PROTOTYPES = YES;
				CLANG_WARN_SUSPICIOUS_MOVE = YES;
				CLANG_WARN_UNGUARDED_AVAILABILITY = YES_AGGRESSIVE;
				CLANG_WARN_UNREACHABLE_CODE = YES;
				CLANG_WARN__DUPLICATE_METHOD_MATCH = YES;
				COPY_PHASE_STRIP = NO;
				DEBUG_INFORMATION_FORMAT = dwarf;
				ENABLE_STRICT_OBJC_MSGSEND = YES;
				ENABLE_TESTABILITY = YES;
				GCC_C_LANGUAGE_STANDARD = gnu11;
				GCC_DYNAMIC_NO_PIC = NO;
				GCC_NO_COMMON_BLOCKS = YES;
				GCC_OPTIMIZATION_LEVEL = 0;
				GCC_PREPROCESSOR_DEFINITIONS = (
					"DEBUG=1",
					"$(inherited)",
				);
				GCC_WARN_64_TO_32_BIT_CONVERSION = YES;
				GCC_WARN_ABOUT_RETURN_TYPE = YES_ERROR;
				GCC_WARN_UNDECLARED_SELECTOR = YES;
				GCC_WARN_UNINITIALIZED_AUTOS = YES_AGGRESSIVE;
				GCC_WARN_UNUSED_FUNCTION = YES;
				GCC_WARN_UNUSED_VARIABLE = YES;
				IPHONEOS_DEPLOYMENT_TARGET = 14.5;
				MTL_ENABLE_DEBUG_INFO = INCLUDE_SOURCE;
				MTL_FAST_MATH = YES;
				ONLY_ACTIVE_ARCH = YES;
				SDKROOT = iphoneos;
				SWIFT_ACTIVE_COMPILATION_CONDITIONS = DEBUG;
				SWIFT_OPTIMIZATION_LEVEL = "-Onone";
			};
			name = Debug;
		};
		DE29B01526D2D8FC003955B9 /* Release */ = {
			isa = XCBuildConfiguration;
			buildSettings = {
				ALWAYS_SEARCH_USER_PATHS = NO;
				CLANG_ANALYZER_NONNULL = YES;
				CLANG_ANALYZER_NUMBER_OBJECT_CONVERSION = YES_AGGRESSIVE;
				CLANG_CXX_LANGUAGE_STANDARD = "gnu++14";
				CLANG_CXX_LIBRARY = "libc++";
				CLANG_ENABLE_MODULES = YES;
				CLANG_ENABLE_OBJC_ARC = YES;
				CLANG_ENABLE_OBJC_WEAK = YES;
				CLANG_WARN_BLOCK_CAPTURE_AUTORELEASING = YES;
				CLANG_WARN_BOOL_CONVERSION = YES;
				CLANG_WARN_COMMA = YES;
				CLANG_WARN_CONSTANT_CONVERSION = YES;
				CLANG_WARN_DEPRECATED_OBJC_IMPLEMENTATIONS = YES;
				CLANG_WARN_DIRECT_OBJC_ISA_USAGE = YES_ERROR;
				CLANG_WARN_DOCUMENTATION_COMMENTS = YES;
				CLANG_WARN_EMPTY_BODY = YES;
				CLANG_WARN_ENUM_CONVERSION = YES;
				CLANG_WARN_INFINITE_RECURSION = YES;
				CLANG_WARN_INT_CONVERSION = YES;
				CLANG_WARN_NON_LITERAL_NULL_CONVERSION = YES;
				CLANG_WARN_OBJC_IMPLICIT_RETAIN_SELF = YES;
				CLANG_WARN_OBJC_LITERAL_CONVERSION = YES;
				CLANG_WARN_OBJC_ROOT_CLASS = YES_ERROR;
				CLANG_WARN_QUOTED_INCLUDE_IN_FRAMEWORK_HEADER = YES;
				CLANG_WARN_RANGE_LOOP_ANALYSIS = YES;
				CLANG_WARN_STRICT_PROTOTYPES = YES;
				CLANG_WARN_SUSPICIOUS_MOVE = YES;
				CLANG_WARN_UNGUARDED_AVAILABILITY = YES_AGGRESSIVE;
				CLANG_WARN_UNREACHABLE_CODE = YES;
				CLANG_WARN__DUPLICATE_METHOD_MATCH = YES;
				COPY_PHASE_STRIP = NO;
				DEBUG_INFORMATION_FORMAT = "dwarf-with-dsym";
				ENABLE_NS_ASSERTIONS = NO;
				ENABLE_STRICT_OBJC_MSGSEND = YES;
				GCC_C_LANGUAGE_STANDARD = gnu11;
				GCC_NO_COMMON_BLOCKS = YES;
				GCC_WARN_64_TO_32_BIT_CONVERSION = YES;
				GCC_WARN_ABOUT_RETURN_TYPE = YES_ERROR;
				GCC_WARN_UNDECLARED_SELECTOR = YES;
				GCC_WARN_UNINITIALIZED_AUTOS = YES_AGGRESSIVE;
				GCC_WARN_UNUSED_FUNCTION = YES;
				GCC_WARN_UNUSED_VARIABLE = YES;
				IPHONEOS_DEPLOYMENT_TARGET = 14.5;
				MTL_ENABLE_DEBUG_INFO = NO;
				MTL_FAST_MATH = YES;
				SDKROOT = iphoneos;
				SWIFT_COMPILATION_MODE = wholemodule;
				SWIFT_OPTIMIZATION_LEVEL = "-O";
				VALIDATE_PRODUCT = YES;
			};
			name = Release;
		};
		DE29B01726D2D8FC003955B9 /* Debug */ = {
			isa = XCBuildConfiguration;
			baseConfigurationReference = 136C749C90ED46FD3539D8FC /* Pods-FICcourse.debug.xcconfig */;
			buildSettings = {
				ASSETCATALOG_COMPILER_APPICON_NAME = AppIcon;
				ASSETCATALOG_COMPILER_GLOBAL_ACCENT_COLOR_NAME = AccentColor;
				CODE_SIGN_STYLE = Automatic;
				INFOPLIST_FILE = FICcourse/Info.plist;
				LD_RUNPATH_SEARCH_PATHS = (
					"$(inherited)",
					"@executable_path/Frameworks",
				);
				PRODUCT_BUNDLE_IDENTIFIER = com.glrmeslp.FICcourse;
				PRODUCT_NAME = "$(TARGET_NAME)";
				SWIFT_VERSION = 5.0;
				TARGETED_DEVICE_FAMILY = "1,2";
			};
			name = Debug;
		};
		DE29B01826D2D8FC003955B9 /* Release */ = {
			isa = XCBuildConfiguration;
			baseConfigurationReference = A3C26572A0AF0A0BF23F39C9 /* Pods-FICcourse.release.xcconfig */;
			buildSettings = {
				ASSETCATALOG_COMPILER_APPICON_NAME = AppIcon;
				ASSETCATALOG_COMPILER_GLOBAL_ACCENT_COLOR_NAME = AccentColor;
				CODE_SIGN_STYLE = Automatic;
				INFOPLIST_FILE = FICcourse/Info.plist;
				LD_RUNPATH_SEARCH_PATHS = (
					"$(inherited)",
					"@executable_path/Frameworks",
				);
				PRODUCT_BUNDLE_IDENTIFIER = com.glrmeslp.FICcourse;
				PRODUCT_NAME = "$(TARGET_NAME)";
				SWIFT_VERSION = 5.0;
				TARGETED_DEVICE_FAMILY = "1,2";
			};
			name = Release;
		};
		DE29B01A26D2D8FC003955B9 /* Debug */ = {
			isa = XCBuildConfiguration;
			baseConfigurationReference = CF4A3DD31F428D59A02C359D /* Pods-FICcourseTests.debug.xcconfig */;
			buildSettings = {
				ALWAYS_EMBED_SWIFT_STANDARD_LIBRARIES = YES;
				BUNDLE_LOADER = "$(TEST_HOST)";
				CODE_SIGN_STYLE = Automatic;
				INFOPLIST_FILE = FICcourseTests/Info.plist;
				IPHONEOS_DEPLOYMENT_TARGET = 14.5;
				LD_RUNPATH_SEARCH_PATHS = (
					"$(inherited)",
					"@executable_path/Frameworks",
					"@loader_path/Frameworks",
				);
				PRODUCT_BUNDLE_IDENTIFIER = com.glrmeslp.FICcourseTests;
				PRODUCT_NAME = "$(TARGET_NAME)";
				SWIFT_VERSION = 5.0;
				TARGETED_DEVICE_FAMILY = "1,2";
				TEST_HOST = "$(BUILT_PRODUCTS_DIR)/FICcourse.app/FICcourse";
			};
			name = Debug;
		};
		DE29B01B26D2D8FC003955B9 /* Release */ = {
			isa = XCBuildConfiguration;
			baseConfigurationReference = 2B06CB5B8243D48A4ED67F9E /* Pods-FICcourseTests.release.xcconfig */;
			buildSettings = {
				ALWAYS_EMBED_SWIFT_STANDARD_LIBRARIES = YES;
				BUNDLE_LOADER = "$(TEST_HOST)";
				CODE_SIGN_STYLE = Automatic;
				INFOPLIST_FILE = FICcourseTests/Info.plist;
				IPHONEOS_DEPLOYMENT_TARGET = 14.5;
				LD_RUNPATH_SEARCH_PATHS = (
					"$(inherited)",
					"@executable_path/Frameworks",
					"@loader_path/Frameworks",
				);
				PRODUCT_BUNDLE_IDENTIFIER = com.glrmeslp.FICcourseTests;
				PRODUCT_NAME = "$(TARGET_NAME)";
				SWIFT_VERSION = 5.0;
				TARGETED_DEVICE_FAMILY = "1,2";
				TEST_HOST = "$(BUILT_PRODUCTS_DIR)/FICcourse.app/FICcourse";
			};
			name = Release;
		};
		DE29B01D26D2D8FC003955B9 /* Debug */ = {
			isa = XCBuildConfiguration;
			baseConfigurationReference = DB33203C33C22618348FD405 /* Pods-FICcourse-FICcourseUITests.debug.xcconfig */;
			buildSettings = {
				ALWAYS_EMBED_SWIFT_STANDARD_LIBRARIES = YES;
				CODE_SIGN_STYLE = Automatic;
				INFOPLIST_FILE = FICcourseUITests/Info.plist;
				LD_RUNPATH_SEARCH_PATHS = (
					"$(inherited)",
					"@executable_path/Frameworks",
					"@loader_path/Frameworks",
				);
				PRODUCT_BUNDLE_IDENTIFIER = com.glrmeslp.FICcourseUITests;
				PRODUCT_NAME = "$(TARGET_NAME)";
				SWIFT_VERSION = 5.0;
				TARGETED_DEVICE_FAMILY = "1,2";
				TEST_TARGET_NAME = FICcourse;
			};
			name = Debug;
		};
		DE29B01E26D2D8FC003955B9 /* Release */ = {
			isa = XCBuildConfiguration;
			baseConfigurationReference = 7612CCAD6FF4F0387F722CB1 /* Pods-FICcourse-FICcourseUITests.release.xcconfig */;
			buildSettings = {
				ALWAYS_EMBED_SWIFT_STANDARD_LIBRARIES = YES;
				CODE_SIGN_STYLE = Automatic;
				INFOPLIST_FILE = FICcourseUITests/Info.plist;
				LD_RUNPATH_SEARCH_PATHS = (
					"$(inherited)",
					"@executable_path/Frameworks",
					"@loader_path/Frameworks",
				);
				PRODUCT_BUNDLE_IDENTIFIER = com.glrmeslp.FICcourseUITests;
				PRODUCT_NAME = "$(TARGET_NAME)";
				SWIFT_VERSION = 5.0;
				TARGETED_DEVICE_FAMILY = "1,2";
				TEST_TARGET_NAME = FICcourse;
			};
			name = Release;
		};
/* End XCBuildConfiguration section */

/* Begin XCConfigurationList section */
		DE29AFE726D2D8F7003955B9 /* Build configuration list for PBXProject "FICcourse" */ = {
			isa = XCConfigurationList;
			buildConfigurations = (
				DE29B01426D2D8FC003955B9 /* Debug */,
				DE29B01526D2D8FC003955B9 /* Release */,
			);
			defaultConfigurationIsVisible = 0;
			defaultConfigurationName = Release;
		};
		DE29B01626D2D8FC003955B9 /* Build configuration list for PBXNativeTarget "FICcourse" */ = {
			isa = XCConfigurationList;
			buildConfigurations = (
				DE29B01726D2D8FC003955B9 /* Debug */,
				DE29B01826D2D8FC003955B9 /* Release */,
			);
			defaultConfigurationIsVisible = 0;
			defaultConfigurationName = Release;
		};
		DE29B01926D2D8FC003955B9 /* Build configuration list for PBXNativeTarget "FICcourseTests" */ = {
			isa = XCConfigurationList;
			buildConfigurations = (
				DE29B01A26D2D8FC003955B9 /* Debug */,
				DE29B01B26D2D8FC003955B9 /* Release */,
			);
			defaultConfigurationIsVisible = 0;
			defaultConfigurationName = Release;
		};
		DE29B01C26D2D8FC003955B9 /* Build configuration list for PBXNativeTarget "FICcourseUITests" */ = {
			isa = XCConfigurationList;
			buildConfigurations = (
				DE29B01D26D2D8FC003955B9 /* Debug */,
				DE29B01E26D2D8FC003955B9 /* Release */,
			);
			defaultConfigurationIsVisible = 0;
			defaultConfigurationName = Release;
		};
/* End XCConfigurationList section */
	};
	rootObject = DE29AFE426D2D8F7003955B9 /* Project object */;
}
